// !$*UTF8*$!
{
	archiveVersion = 1;
	classes = {
	};
	objectVersion = 46;
	objects = {

/* Begin PBXBuildFile section */
		8A1467A919DFC7FE002F6926 /* ArticleViewController.swift in Sources */ = {isa = PBXBuildFile; fileRef = 8A1467A819DFC7FE002F6926 /* ArticleViewController.swift */; };
		8A1467AD19E12147002F6926 /* Main.storyboard in Resources */ = {isa = PBXBuildFile; fileRef = 8A1467AC19E12147002F6926 /* Main.storyboard */; };
		8A4BEFB919DE3EF500DBFEC7 /* AppDelegate.swift in Sources */ = {isa = PBXBuildFile; fileRef = 8A4BEFB819DE3EF500DBFEC7 /* AppDelegate.swift */; };
		8A4BEFC219DE3EF500DBFEC7 /* Images.xcassets in Resources */ = {isa = PBXBuildFile; fileRef = 8A4BEFC119DE3EF500DBFEC7 /* Images.xcassets */; };
		8A4BEFC519DE3EF500DBFEC7 /* LaunchScreen.xib in Resources */ = {isa = PBXBuildFile; fileRef = 8A4BEFC319DE3EF500DBFEC7 /* LaunchScreen.xib */; };
		8A4BEFD119DE3EF500DBFEC7 /* SimpleReaderTests.swift in Sources */ = {isa = PBXBuildFile; fileRef = 8A4BEFD019DE3EF500DBFEC7 /* SimpleReaderTests.swift */; };
		8A4BEFE319DE511C00DBFEC7 /* AboutViewController.swift in Sources */ = {isa = PBXBuildFile; fileRef = 8A4BEFE219DE511C00DBFEC7 /* AboutViewController.swift */; };
		8A4BEFE819DE88A900DBFEC7 /* SMAuthor.swift in Sources */ = {isa = PBXBuildFile; fileRef = 8A4BEFE719DE88A900DBFEC7 /* SMAuthor.swift */; };
		8A4BEFEA19DEDAFC00DBFEC7 /* ArticleListViewController.swift in Sources */ = {isa = PBXBuildFile; fileRef = 8A4BEFE919DEDAFC00DBFEC7 /* ArticleListViewController.swift */; };
		8A4BEFEC19DEDCA900DBFEC7 /* newYorkTimes.json in Resources */ = {isa = PBXBuildFile; fileRef = 8A4BEFEB19DEDCA900DBFEC7 /* newYorkTimes.json */; };
/* End PBXBuildFile section */

/* Begin PBXContainerItemProxy section */
		8A4BEFCB19DE3EF500DBFEC7 /* PBXContainerItemProxy */ = {
			isa = PBXContainerItemProxy;
			containerPortal = 8A4BEFAB19DE3EF500DBFEC7 /* Project object */;
			proxyType = 1;
			remoteGlobalIDString = 8A4BEFB219DE3EF500DBFEC7;
			remoteInfo = SimpleReader;
		};
/* End PBXContainerItemProxy section */

/* Begin PBXFileReference section */
		8A1467A819DFC7FE002F6926 /* ArticleViewController.swift */ = {isa = PBXFileReference; fileEncoding = 4; lastKnownFileType = sourcecode.swift; path = ArticleViewController.swift; sourceTree = "<group>"; };
		8A1467AC19E12147002F6926 /* Main.storyboard */ = {isa = PBXFileReference; fileEncoding = 4; lastKnownFileType = file.storyboard; path = Main.storyboard; sourceTree = "<group>"; };
		8A4BEFB319DE3EF500DBFEC7 /* SimpleReader.app */ = {isa = PBXFileReference; explicitFileType = wrapper.application; includeInIndex = 0; path = SimpleReader.app; sourceTree = BUILT_PRODUCTS_DIR; };
		8A4BEFB719DE3EF500DBFEC7 /* Info.plist */ = {isa = PBXFileReference; lastKnownFileType = text.plist.xml; path = Info.plist; sourceTree = "<group>"; };
		8A4BEFB819DE3EF500DBFEC7 /* AppDelegate.swift */ = {isa = PBXFileReference; lastKnownFileType = sourcecode.swift; path = AppDelegate.swift; sourceTree = "<group>"; };
		8A4BEFC119DE3EF500DBFEC7 /* Images.xcassets */ = {isa = PBXFileReference; lastKnownFileType = folder.assetcatalog; path = Images.xcassets; sourceTree = "<group>"; };
		8A4BEFC419DE3EF500DBFEC7 /* Base */ = {isa = PBXFileReference; lastKnownFileType = file.xib; name = Base; path = Base.lproj/LaunchScreen.xib; sourceTree = "<group>"; };
		8A4BEFCA19DE3EF500DBFEC7 /* SimpleReaderTests.xctest */ = {isa = PBXFileReference; explicitFileType = wrapper.cfbundle; includeInIndex = 0; path = SimpleReaderTests.xctest; sourceTree = BUILT_PRODUCTS_DIR; };
		8A4BEFCF19DE3EF500DBFEC7 /* Info.plist */ = {isa = PBXFileReference; lastKnownFileType = text.plist.xml; path = Info.plist; sourceTree = "<group>"; };
		8A4BEFD019DE3EF500DBFEC7 /* SimpleReaderTests.swift */ = {isa = PBXFileReference; lastKnownFileType = sourcecode.swift; path = SimpleReaderTests.swift; sourceTree = "<group>"; };
		8A4BEFE219DE511C00DBFEC7 /* AboutViewController.swift */ = {isa = PBXFileReference; fileEncoding = 4; lastKnownFileType = sourcecode.swift; path = AboutViewController.swift; sourceTree = "<group>"; };
		8A4BEFE519DE568400DBFEC7 /* FirstPlayground.playground */ = {isa = PBXFileReference; lastKnownFileType = file.playground; path = FirstPlayground.playground; sourceTree = "<group>"; };
		8A4BEFE719DE88A900DBFEC7 /* SMAuthor.swift */ = {isa = PBXFileReference; fileEncoding = 4; lastKnownFileType = sourcecode.swift; path = SMAuthor.swift; sourceTree = "<group>"; };
		8A4BEFE919DEDAFC00DBFEC7 /* ArticleListViewController.swift */ = {isa = PBXFileReference; fileEncoding = 4; lastKnownFileType = sourcecode.swift; path = ArticleListViewController.swift; sourceTree = "<group>"; };
		8A4BEFEB19DEDCA900DBFEC7 /* newYorkTimes.json */ = {isa = PBXFileReference; fileEncoding = 4; lastKnownFileType = text.json; path = newYorkTimes.json; sourceTree = "<group>"; };
/* End PBXFileReference section */

/* Begin PBXFrameworksBuildPhase section */
		8A4BEFB019DE3EF500DBFEC7 /* Frameworks */ = {
			isa = PBXFrameworksBuildPhase;
			buildActionMask = 2147483647;
			files = (
			);
			runOnlyForDeploymentPostprocessing = 0;
		};
		8A4BEFC719DE3EF500DBFEC7 /* Frameworks */ = {
			isa = PBXFrameworksBuildPhase;
			buildActionMask = 2147483647;
			files = (
			);
			runOnlyForDeploymentPostprocessing = 0;
		};
/* End PBXFrameworksBuildPhase section */

/* Begin PBXGroup section */
		8A4BEFAA19DE3EF500DBFEC7 = {
			isa = PBXGroup;
			children = (
				8A4BEFB519DE3EF500DBFEC7 /* SimpleReader */,
				8A4BEFCD19DE3EF500DBFEC7 /* SimpleReaderTests */,
				8A4BEFB419DE3EF500DBFEC7 /* Products */,
			);
			sourceTree = "<group>";
		};
		8A4BEFB419DE3EF500DBFEC7 /* Products */ = {
			isa = PBXGroup;
			children = (
				8A4BEFB319DE3EF500DBFEC7 /* SimpleReader.app */,
				8A4BEFCA19DE3EF500DBFEC7 /* SimpleReaderTests.xctest */,
			);
			name = Products;
			sourceTree = "<group>";
		};
		8A4BEFB519DE3EF500DBFEC7 /* SimpleReader */ = {
			isa = PBXGroup;
			children = (
				8A4BEFE419DE565F00DBFEC7 /* Playground */,
				8A4BEFB819DE3EF500DBFEC7 /* AppDelegate.swift */,
				8A4BEFC119DE3EF500DBFEC7 /* Images.xcassets */,
				8A4BEFC319DE3EF500DBFEC7 /* LaunchScreen.xib */,
				8A4BEFDE19DE505C00DBFEC7 /* View */,
				8A4BEFDA19DE505C00DBFEC7 /* Controller */,
				8A4BEFDC19DE505C00DBFEC7 /* Model */,
				8A4BEFDB19DE505C00DBFEC7 /* Helper */,
				8A4BEFDD19DE505C00DBFEC7 /* Vendor */,
				8A4BEFB619DE3EF500DBFEC7 /* Supporting Files */,
			);
			path = SimpleReader;
			sourceTree = "<group>";
		};
		8A4BEFB619DE3EF500DBFEC7 /* Supporting Files */ = {
			isa = PBXGroup;
			children = (
				8A4BEFEB19DEDCA900DBFEC7 /* newYorkTimes.json */,
				8A4BEFB719DE3EF500DBFEC7 /* Info.plist */,
			);
			name = "Supporting Files";
			sourceTree = "<group>";
		};
		8A4BEFCD19DE3EF500DBFEC7 /* SimpleReaderTests */ = {
			isa = PBXGroup;
			children = (
				8A4BEFD019DE3EF500DBFEC7 /* SimpleReaderTests.swift */,
				8A4BEFCE19DE3EF500DBFEC7 /* Supporting Files */,
			);
			path = SimpleReaderTests;
			sourceTree = "<group>";
		};
		8A4BEFCE19DE3EF500DBFEC7 /* Supporting Files */ = {
			isa = PBXGroup;
			children = (
				8A4BEFCF19DE3EF500DBFEC7 /* Info.plist */,
			);
			name = "Supporting Files";
			sourceTree = "<group>";
		};
		8A4BEFDA19DE505C00DBFEC7 /* Controller */ = {
			isa = PBXGroup;
			children = (
				8A4BEFE219DE511C00DBFEC7 /* AboutViewController.swift */,
				8A4BEFE919DEDAFC00DBFEC7 /* ArticleListViewController.swift */,
				8A1467A819DFC7FE002F6926 /* ArticleViewController.swift */,
			);
			path = Controller;
			sourceTree = "<group>";
		};
		8A4BEFDB19DE505C00DBFEC7 /* Helper */ = {
			isa = PBXGroup;
			children = (
			);
			path = Helper;
			sourceTree = "<group>";
		};
		8A4BEFDC19DE505C00DBFEC7 /* Model */ = {
			isa = PBXGroup;
			children = (
				8A4BEFE719DE88A900DBFEC7 /* SMAuthor.swift */,
			);
			path = Model;
			sourceTree = "<group>";
		};
		8A4BEFDD19DE505C00DBFEC7 /* Vendor */ = {
			isa = PBXGroup;
			children = (
			);
			path = Vendor;
			sourceTree = "<group>";
		};
		8A4BEFDE19DE505C00DBFEC7 /* View */ = {
			isa = PBXGroup;
			children = (
				8A4BEFE119DE50A500DBFEC7 /* storyboard */,
				8A4BEFDF19DE505C00DBFEC7 /* cell */,
				8A4BEFE019DE505C00DBFEC7 /* xib */,
			);
			path = View;
			sourceTree = "<group>";
		};
		8A4BEFDF19DE505C00DBFEC7 /* cell */ = {
			isa = PBXGroup;
			children = (
			);
			path = cell;
			sourceTree = "<group>";
		};
		8A4BEFE019DE505C00DBFEC7 /* xib */ = {
			isa = PBXGroup;
			children = (
			);
			path = xib;
			sourceTree = "<group>";
		};
		8A4BEFE119DE50A500DBFEC7 /* storyboard */ = {
			isa = PBXGroup;
			children = (
				8A1467AC19E12147002F6926 /* Main.storyboard */,
			);
			path = storyboard;
			sourceTree = "<group>";
		};
		8A4BEFE419DE565F00DBFEC7 /* Playground */ = {
			isa = PBXGroup;
			children = (
				8A4BEFE519DE568400DBFEC7 /* FirstPlayground.playground */,
			);
			path = Playground;
			sourceTree = "<group>";
		};
/* End PBXGroup section */

/* Begin PBXNativeTarget section */
		8A4BEFB219DE3EF500DBFEC7 /* SimpleReader */ = {
			isa = PBXNativeTarget;
			buildConfigurationList = 8A4BEFD419DE3EF500DBFEC7 /* Build configuration list for PBXNativeTarget "SimpleReader" */;
			buildPhases = (
				8A4BEFAF19DE3EF500DBFEC7 /* Sources */,
				8A4BEFB019DE3EF500DBFEC7 /* Frameworks */,
				8A4BEFB119DE3EF500DBFEC7 /* Resources */,
			);
			buildRules = (
			);
			dependencies = (
			);
			name = SimpleReader;
			productName = SimpleReader;
			productReference = 8A4BEFB319DE3EF500DBFEC7 /* SimpleReader.app */;
			productType = "com.apple.product-type.application";
		};
		8A4BEFC919DE3EF500DBFEC7 /* SimpleReaderTests */ = {
			isa = PBXNativeTarget;
			buildConfigurationList = 8A4BEFD719DE3EF500DBFEC7 /* Build configuration list for PBXNativeTarget "SimpleReaderTests" */;
			buildPhases = (
				8A4BEFC619DE3EF500DBFEC7 /* Sources */,
				8A4BEFC719DE3EF500DBFEC7 /* Frameworks */,
				8A4BEFC819DE3EF500DBFEC7 /* Resources */,
			);
			buildRules = (
			);
			dependencies = (
				8A4BEFCC19DE3EF500DBFEC7 /* PBXTargetDependency */,
			);
			name = SimpleReaderTests;
			productName = SimpleReaderTests;
			productReference = 8A4BEFCA19DE3EF500DBFEC7 /* SimpleReaderTests.xctest */;
			productType = "com.apple.product-type.bundle.unit-test";
		};
/* End PBXNativeTarget section */

/* Begin PBXProject section */
		8A4BEFAB19DE3EF500DBFEC7 /* Project object */ = {
			isa = PBXProject;
			attributes = {
				LastUpgradeCheck = 0600;
				ORGANIZATIONNAME = HaveFun;
				TargetAttributes = {
					8A4BEFB219DE3EF500DBFEC7 = {
						CreatedOnToolsVersion = 6.0.1;
					};
					8A4BEFC919DE3EF500DBFEC7 = {
						CreatedOnToolsVersion = 6.0.1;
						TestTargetID = 8A4BEFB219DE3EF500DBFEC7;
					};
				};
			};
			buildConfigurationList = 8A4BEFAE19DE3EF500DBFEC7 /* Build configuration list for PBXProject "SimpleReader" */;
			compatibilityVersion = "Xcode 3.2";
			developmentRegion = English;
			hasScannedForEncodings = 0;
			knownRegions = (
				en,
				Base,
			);
			mainGroup = 8A4BEFAA19DE3EF500DBFEC7;
			productRefGroup = 8A4BEFB419DE3EF500DBFEC7 /* Products */;
			projectDirPath = "";
			projectRoot = "";
			targets = (
				8A4BEFB219DE3EF500DBFEC7 /* SimpleReader */,
				8A4BEFC919DE3EF500DBFEC7 /* SimpleReaderTests */,
			);
		};
/* End PBXProject section */

/* Begin PBXResourcesBuildPhase section */
		8A4BEFB119DE3EF500DBFEC7 /* Resources */ = {
			isa = PBXResourcesBuildPhase;
			buildActionMask = 2147483647;
			files = (
				8A1467AD19E12147002F6926 /* Main.storyboard in Resources */,
				8A4BEFC519DE3EF500DBFEC7 /* LaunchScreen.xib in Resources */,
				8A4BEFEC19DEDCA900DBFEC7 /* newYorkTimes.json in Resources */,
				8A4BEFC219DE3EF500DBFEC7 /* Images.xcassets in Resources */,
			);
			runOnlyForDeploymentPostprocessing = 0;
		};
		8A4BEFC819DE3EF500DBFEC7 /* Resources */ = {
			isa = PBXResourcesBuildPhase;
			buildActionMask = 2147483647;
			files = (
			);
			runOnlyForDeploymentPostprocessing = 0;
		};
/* End PBXResourcesBuildPhase section */

/* Begin PBXSourcesBuildPhase section */
		8A4BEFAF19DE3EF500DBFEC7 /* Sources */ = {
			isa = PBXSourcesBuildPhase;
			buildActionMask = 2147483647;
			files = (
				8A4BEFE319DE511C00DBFEC7 /* AboutViewController.swift in Sources */,
				8A4BEFEA19DEDAFC00DBFEC7 /* ArticleListViewController.swift in Sources */,
				8A1467A919DFC7FE002F6926 /* ArticleViewController.swift in Sources */,
				8A4BEFB919DE3EF500DBFEC7 /* AppDelegate.swift in Sources */,
				8A4BEFE819DE88A900DBFEC7 /* SMAuthor.swift in Sources */,
			);
			runOnlyForDeploymentPostprocessing = 0;
		};
		8A4BEFC619DE3EF500DBFEC7 /* Sources */ = {
			isa = PBXSourcesBuildPhase;
			buildActionMask = 2147483647;
			files = (
				8A4BEFD119DE3EF500DBFEC7 /* SimpleReaderTests.swift in Sources */,
			);
			runOnlyForDeploymentPostprocessing = 0;
		};
/* End PBXSourcesBuildPhase section */

/* Begin PBXTargetDependency section */
		8A4BEFCC19DE3EF500DBFEC7 /* PBXTargetDependency */ = {
			isa = PBXTargetDependency;
			target = 8A4BEFB219DE3EF500DBFEC7 /* SimpleReader */;
			targetProxy = 8A4BEFCB19DE3EF500DBFEC7 /* PBXContainerItemProxy */;
		};
/* End PBXTargetDependency section */

/* Begin PBXVariantGroup section */
		8A4BEFC319DE3EF500DBFEC7 /* LaunchScreen.xib */ = {
			isa = PBXVariantGroup;
			children = (
				8A4BEFC419DE3EF500DBFEC7 /* Base */,
			);
			name = LaunchScreen.xib;
			sourceTree = "<group>";
		};
/* End PBXVariantGroup section */

/* Begin XCBuildConfiguration section */
		8A4BEFD219DE3EF500DBFEC7 /* Debug */ = {
			isa = XCBuildConfiguration;
			buildSettings = {
				ALWAYS_SEARCH_USER_PATHS = NO;
				CLANG_CXX_LANGUAGE_STANDARD = "gnu++0x";
				CLANG_CXX_LIBRARY = "libc++";
				CLANG_ENABLE_MODULES = YES;
				CLANG_ENABLE_OBJC_ARC = YES;
				CLANG_WARN_BOOL_CONVERSION = YES;
				CLANG_WARN_CONSTANT_CONVERSION = YES;
				CLANG_WARN_DIRECT_OBJC_ISA_USAGE = YES_ERROR;
				CLANG_WARN_EMPTY_BODY = YES;
				CLANG_WARN_ENUM_CONVERSION = YES;
				CLANG_WARN_INT_CONVERSION = YES;
				CLANG_WARN_OBJC_ROOT_CLASS = YES_ERROR;
				CLANG_WARN_UNREACHABLE_CODE = YES;
				CLANG_WARN__DUPLICATE_METHOD_MATCH = YES;
				"CODE_SIGN_IDENTITY[sdk=iphoneos*]" = "iPhone Developer";
				COPY_PHASE_STRIP = NO;
				ENABLE_STRICT_OBJC_MSGSEND = YES;
				GCC_C_LANGUAGE_STANDARD = gnu99;
				GCC_DYNAMIC_NO_PIC = NO;
				GCC_OPTIMIZATION_LEVEL = 0;
				GCC_PREPROCESSOR_DEFINITIONS = (
					"DEBUG=1",
					"$(inherited)",
				);
				GCC_SYMBOLS_PRIVATE_EXTERN = NO;
				GCC_WARN_64_TO_32_BIT_CONVERSION = YES;
				GCC_WARN_ABOUT_RETURN_TYPE = YES_ERROR;
				GCC_WARN_UNDECLARED_SELECTOR = YES;
				GCC_WARN_UNINITIALIZED_AUTOS = YES_AGGRESSIVE;
				GCC_WARN_UNUSED_FUNCTION = YES;
				GCC_WARN_UNUSED_VARIABLE = YES;
				IPHONEOS_DEPLOYMENT_TARGET = 8.0;
				MTL_ENABLE_DEBUG_INFO = YES;
				ONLY_ACTIVE_ARCH = YES;
				SDKROOT = iphoneos;
				SWIFT_OPTIMIZATION_LEVEL = "-Onone";
				TARGETED_DEVICE_FAMILY = "1,2";
			};
			name = Debug;
		};
		8A4BEFD319DE3EF500DBFEC7 /* Release */ = {
			isa = XCBuildConfiguration;
			buildSettings = {
				ALWAYS_SEARCH_USER_PATHS = NO;
				CLANG_CXX_LANGUAGE_STANDARD = "gnu++0x";
				CLANG_CXX_LIBRARY = "libc++";
				CLANG_ENABLE_MODULES = YES;
				CLANG_ENABLE_OBJC_ARC = YES;
				CLANG_WARN_BOOL_CONVERSION = YES;
				CLANG_WARN_CONSTANT_CONVERSION = YES;
				CLANG_WARN_DIRECT_OBJC_ISA_USAGE = YES_ERROR;
				CLANG_WARN_EMPTY_BODY = YES;
				CLANG_WARN_ENUM_CONVERSION = YES;
				CLANG_WARN_INT_CONVERSION = YES;
				CLANG_WARN_OBJC_ROOT_CLASS = YES_ERROR;
				CLANG_WARN_UNREACHABLE_CODE = YES;
				CLANG_WARN__DUPLICATE_METHOD_MATCH = YES;
				"CODE_SIGN_IDENTITY[sdk=iphoneos*]" = "iPhone Developer";
				COPY_PHASE_STRIP = YES;
				ENABLE_NS_ASSERTIONS = NO;
				ENABLE_STRICT_OBJC_MSGSEND = YES;
				GCC_C_LANGUAGE_STANDARD = gnu99;
				GCC_WARN_64_TO_32_BIT_CONVERSION = YES;
				GCC_WARN_ABOUT_RETURN_TYPE = YES_ERROR;
				GCC_WARN_UNDECLARED_SELECTOR = YES;
				GCC_WARN_UNINITIALIZED_AUTOS = YES_AGGRESSIVE;
				GCC_WARN_UNUSED_FUNCTION = YES;
				GCC_WARN_UNUSED_VARIABLE = YES;
				IPHONEOS_DEPLOYMENT_TARGET = 8.0;
				MTL_ENABLE_DEBUG_INFO = NO;
				SDKROOT = iphoneos;
				TARGETED_DEVICE_FAMILY = "1,2";
				VALIDATE_PRODUCT = YES;
			};
			name = Release;
		};
		8A4BEFD519DE3EF500DBFEC7 /* Debug */ = {
			isa = XCBuildConfiguration;
			buildSettings = {
				ASSETCATALOG_COMPILER_APPICON_NAME = AppIcon;
				INFOPLIST_FILE = SimpleReader/Info.plist;
				LD_RUNPATH_SEARCH_PATHS = "$(inherited) @executable_path/Frameworks";
				PRODUCT_NAME = "$(TARGET_NAME)";
			};
			name = Debug;
		};
		8A4BEFD619DE3EF500DBFEC7 /* Release */ = {
			isa = XCBuildConfiguration;
			buildSettings = {
				ASSETCATALOG_COMPILER_APPICON_NAME = AppIcon;
				INFOPLIST_FILE = SimpleReader/Info.plist;
				LD_RUNPATH_SEARCH_PATHS = "$(inherited) @executable_path/Frameworks";
				PRODUCT_NAME = "$(TARGET_NAME)";
			};
			name = Release;
		};
		8A4BEFD819DE3EF500DBFEC7 /* Debug */ = {
			isa = XCBuildConfiguration;
			buildSettings = {
				BUNDLE_LOADER = "$(TEST_HOST)";
				FRAMEWORK_SEARCH_PATHS = (
					"$(SDKROOT)/Developer/Library/Frameworks",
					"$(inherited)",
				);
				GCC_PREPROCESSOR_DEFINITIONS = (
					"DEBUG=1",
					"$(inherited)",
				);
				INFOPLIST_FILE = SimpleReaderTests/Info.plist;
				LD_RUNPATH_SEARCH_PATHS = "$(inherited) @executable_path/Frameworks @loader_path/Frameworks";
				PRODUCT_NAME = "$(TARGET_NAME)";
				TEST_HOST = "$(BUILT_PRODUCTS_DIR)/SimpleReader.app/SimpleReader";
			};
			name = Debug;
		};
		8A4BEFD919DE3EF500DBFEC7 /* Release */ = {
			isa = XCBuildConfiguration;
			buildSettings = {
				BUNDLE_LOADER = "$(TEST_HOST)";
				FRAMEWORK_SEARCH_PATHS = (
					"$(SDKROOT)/Developer/Library/Frameworks",
					"$(inherited)",
				);
				INFOPLIST_FILE = SimpleReaderTests/Info.plist;
				LD_RUNPATH_SEARCH_PATHS = "$(inherited) @executable_path/Frameworks @loader_path/Frameworks";
				PRODUCT_NAME = "$(TARGET_NAME)";
				TEST_HOST = "$(BUILT_PRODUCTS_DIR)/SimpleReader.app/SimpleReader";
			};
			name = Release;
		};
/* End XCBuildConfiguration section */

/* Begin XCConfigurationList section */
		8A4BEFAE19DE3EF500DBFEC7 /* Build configuration list for PBXProject "SimpleReader" */ = {
			isa = XCConfigurationList;
			buildConfigurations = (
				8A4BEFD219DE3EF500DBFEC7 /* Debug */,
				8A4BEFD319DE3EF500DBFEC7 /* Release */,
			);
			defaultConfigurationIsVisible = 0;
			defaultConfigurationName = Release;
		};
		8A4BEFD419DE3EF500DBFEC7 /* Build configuration list for PBXNativeTarget "SimpleReader" */ = {
			isa = XCConfigurationList;
			buildConfigurations = (
				8A4BEFD519DE3EF500DBFEC7 /* Debug */,
				8A4BEFD619DE3EF500DBFEC7 /* Release */,
			);
			defaultConfigurationIsVisible = 0;
			defaultConfigurationName = Release;
		};
		8A4BEFD719DE3EF500DBFEC7 /* Build configuration list for PBXNativeTarget "SimpleReaderTests" */ = {
			isa = XCConfigurationList;
			buildConfigurations = (
				8A4BEFD819DE3EF500DBFEC7 /* Debug */,
				8A4BEFD919DE3EF500DBFEC7 /* Release */,
			);
			defaultConfigurationIsVisible = 0;
			defaultConfigurationName = Release;
		};
/* End XCConfigurationList section */
	};
	rootObject = 8A4BEFAB19DE3EF500DBFEC7 /* Project object */;
}
